{
  "pins" : [
    {
      "identity" : "agorartcengine_ios",
      "kind" : "remoteSourceControl",
      "location" : "https://github.com/AgoraIO/AgoraRtcEngine_iOS.git",
      "state" : {
        "revision" : "ccd9b1d94498b303541adcc2a8602a69784af231",
        "version" : "4.2.3"
      }
    },
    {
      "identity" : "haishinkit.swift",
      "kind" : "remoteSourceControl",
      "location" : "https://github.com/shogo4405/HaishinKit.swift",
      "state" : {
        "revision" : "83a64624f23e468932e72817038e56ec4bc4b439",
        "version" : "1.7.0"
      }
    },
    {
      "identity" : "iqkeyboardmanager",
      "kind" : "remoteSourceControl",
      "location" : "https://github.com/hackiftekhar/IQKeyboardManager",
      "state" : {
        "revision" : "c00b1ae9fa1ad8af4465bb6ca901f6943fc98eba",
        "version" : "6.5.16"
      }
    },
    {
      "identity" : "kingfisher",
      "kind" : "remoteSourceControl",
      "location" : "https://github.com/onevcat/Kingfisher",
      "state" : {
        "revision" : "277f1ab2c6664b19b4a412e32b094b201e2d5757",
        "version" : "7.10.0"
      }
    },
    {
      "identity" : "logboard",
      "kind" : "remoteSourceControl",
      "location" : "https://github.com/shogo4405/Logboard.git",
      "state" : {
        "revision" : "6a7cbf54553936103084ed72cfb6d6f836758229",
        "version" : "2.4.1"
      }
    },
    {
      "identity" : "netfox",
      "kind" : "remoteSourceControl",
      "location" : "https://github.com/kasketis/netfox",
      "state" : {
        "revision" : "557576032736fd3140422baefb68b8f76c55088f",
        "version" : "1.21.0"
      }
    },
    {
      "identity" : "snapkit",
      "kind" : "remoteSourceControl",
      "location" : "https://github.com/SnapKit/SnapKit",
      "state" : {
        "revision" : "f222cbdf325885926566172f6f5f06af95473158",
        "version" : "5.6.0"
      }
    }
  ],
  "version" : 2
}
